<?xml version="1.0" encoding="utf-8"?>
<Project ToolsVersion="4.0" xmlns="http://schemas.microsoft.com/developer/msbuild/2003">
  <ItemGroup>
    <Filter Include="Resource Files">
      <UniqueIdentifier>{67DA6AB6-F800-4c08-8B7A-83BB121AAD01}</UniqueIdentifier>
      <Extensions>rc;ico;cur;bmp;dlg;rc2;rct;bin;rgs;gif;jpg;jpeg;jpe;resx;tiff;tif;png;wav;mfcribbon-ms</Extensions>
    </Filter>
    <Filter Include="Rendering">
      <UniqueIdentifier>{3e607b33-9d6a-414b-9390-86310654c477}</UniqueIdentifier>
    </Filter>
    <Filter Include="Mapping">
      <UniqueIdentifier>{50c16e10-75e0-4d8f-a59c-01efa2af13e1}</UniqueIdentifier>
    </Filter>
    <Filter Include="Managers">
      <UniqueIdentifier>{fcf34dec-9333-4723-82f5-94bc8765fcc4}</UniqueIdentifier>
    </Filter>
    <Filter Include="Sounds">
      <UniqueIdentifier>{f09d1e29-1872-4622-a9e6-5b2a57b676bc}</UniqueIdentifier>
    </Filter>
    <Filter Include="Menus">
      <UniqueIdentifier>{928614e2-2fe9-4647-ab75-aeca0976fd84}</UniqueIdentifier>
    </Filter>
    <Filter Include="Utilities">
      <UniqueIdentifier>{edc34036-fe98-41d8-8b5d-e1cf52b56d67}</UniqueIdentifier>
    </Filter>
    <Filter Include="Base Classes">
      <UniqueIdentifier>{ff3f6ee2-b1b9-47ff-bd22-e6ebd54455e3}</UniqueIdentifier>
    </Filter>
    <Filter Include="Battle">
      <UniqueIdentifier>{e1b07ff2-8d67-49f9-a2b0-e7a18f13474a}</UniqueIdentifier>
    </Filter>
  </ItemGroup>
  <ItemGroup>
    <ClCompile Include="SpriteBatch.cpp">
      <Filter>Rendering</Filter>
    </ClCompile>
    <ClCompile Include="direct2D.cpp">
      <Filter>Rendering</Filter>
    </ClCompile>
    <ClCompile Include="Renderer.h">
      <Filter>Rendering</Filter>
    </ClCompile>
    <ClCompile Include="Tile.cpp">
      <Filter>Mapping</Filter>
    </ClCompile>
    <ClCompile Include="Room.cpp">
      <Filter>Mapping</Filter>
    </ClCompile>
    <ClCompile Include="Map.cpp">
      <Filter>Mapping</Filter>
    </ClCompile>
    <ClCompile Include="Character.cpp">
      <Filter>Base Classes</Filter>
    </ClCompile>
    <ClCompile Include="Rectangle.cpp">
      <Filter>Base Classes</Filter>
    </ClCompile>
    <ClCompile Include="Sprite.cpp">
      <Filter>Base Classes</Filter>
    </ClCompile>
    <ClCompile Include="Manager.cpp">
      <Filter>Managers</Filter>
    </ClCompile>
    <ClCompile Include="MenuManager.cpp">
      <Filter>Managers</Filter>
    </ClCompile>
    <ClCompile Include="main.cpp">
      <Filter>Utilities</Filter>
    </ClCompile>
    <ClCompile Include="InputManager.cpp">
      <Filter>Managers</Filter>
    </ClCompile>
    <ClCompile Include="OverworldManager.cpp">
      <Filter>Managers</Filter>
    </ClCompile>
    <ClCompile Include="Texture.cpp">
      <Filter>Rendering</Filter>
    </ClCompile>
    <ClCompile Include="TitleManager.cpp">
      <Filter>Managers</Filter>
    </ClCompile>
    <ClCompile Include="TextureManager.cpp">
      <Filter>Managers</Filter>
    </ClCompile>
    <ClCompile Include="FileReader.cpp">
      <Filter>Utilities</Filter>
    </ClCompile>
    <ClCompile Include="directSound.cpp">
      <Filter>Sounds</Filter>
    </ClCompile>
    <ClCompile Include="Math.cpp">
      <Filter>Utilities</Filter>
    </ClCompile>
    <ClCompile Include="SoundManager.cpp">
      <Filter>Managers</Filter>
    </ClCompile>
    <ClCompile Include="EnumParser.cpp">
      <Filter>Utilities</Filter>
    </ClCompile>
    <ClCompile Include="DialogueBox.cpp">
      <Filter>Menus</Filter>
    </ClCompile>
    <ClCompile Include="BorderedBox.cpp">
      <Filter>Menus</Filter>
    </ClCompile>
    <ClCompile Include="MenuBox.cpp">
      <Filter>Menus</Filter>
    </ClCompile>
    <ClCompile Include="Text.cpp">
      <Filter>Menus</Filter>
    </ClCompile>
    <ClCompile Include="SaveManager.cpp">
      <Filter>Managers</Filter>
    </ClCompile>
    <ClCompile Include="ItemManager.cpp">
      <Filter>Managers</Filter>
    </ClCompile>
    <ClCompile Include="Item.cpp">
      <Filter>Base Classes</Filter>
    </ClCompile>
    <ClCompile Include="Ability.cpp">
      <Filter>Battle</Filter>
    </ClCompile>
    <ClCompile Include="Enemy.cpp">
      <Filter>Base Classes</Filter>
    </ClCompile>
  </ItemGroup>
  <ItemGroup>
    <ClInclude Include="Texture.h">
      <Filter>Rendering</Filter>
    </ClInclude>
    <ClInclude Include="SpriteBatch.h">
      <Filter>Rendering</Filter>
    </ClInclude>
    <ClInclude Include="Map.h">
      <Filter>Mapping</Filter>
    </ClInclude>
    <ClInclude Include="Tile.h">
      <Filter>Mapping</Filter>
    </ClInclude>
    <ClInclude Include="Room.h">
      <Filter>Mapping</Filter>
    </ClInclude>
    <ClInclude Include="Sprite.h">
      <Filter>Base Classes</Filter>
    </ClInclude>
    <ClInclude Include="Object.h">
      <Filter>Base Classes</Filter>
    </ClInclude>
    <ClInclude Include="Character.h">
      <Filter>Base Classes</Filter>
    </ClInclude>
    <ClInclude Include="Rectangle.h">
      <Filter>Base Classes</Filter>
    </ClInclude>
    <ClInclude Include="Manager.h">
      <Filter>Managers</Filter>
    </ClInclude>
    <ClInclude Include="MenuManager.h">
      <Filter>Managers</Filter>
    </ClInclude>
    <ClInclude Include="defines.h">
      <Filter>Utilities</Filter>
    </ClInclude>
    <ClInclude Include="InputManager.h">
      <Filter>Managers</Filter>
    </ClInclude>
    <ClInclude Include="OverworldManager.h">
      <Filter>Managers</Filter>
    </ClInclude>
    <ClInclude Include="TitleManager.h">
      <Filter>Managers</Filter>
    </ClInclude>
    <ClInclude Include="TextureManager.h">
      <Filter>Managers</Filter>
    </ClInclude>
    <ClInclude Include="Math.h">
      <Filter>Utilities</Filter>
    </ClInclude>
    <ClInclude Include="FileReader.h">
      <Filter>Utilities</Filter>
    </ClInclude>
    <ClInclude Include="AudioPlayer.h">
      <Filter>Sounds</Filter>
    </ClInclude>
    <ClInclude Include="EnumParser.h">
      <Filter>Utilities</Filter>
    </ClInclude>
    <ClInclude Include="SoundManager.h">
      <Filter>Managers</Filter>
    </ClInclude>
    <ClInclude Include="DialogueBox.h">
      <Filter>Menus</Filter>
    </ClInclude>
    <ClInclude Include="BorderedBox.h">
      <Filter>Menus</Filter>
    </ClInclude>
    <ClInclude Include="MenuBox.h">
      <Filter>Menus</Filter>
    </ClInclude>
    <ClInclude Include="Text.h">
      <Filter>Menus</Filter>
    </ClInclude>
    <ClInclude Include="SaveManager.h">
      <Filter>Managers</Filter>
    </ClInclude>
    <ClInclude Include="ItemManager.h">
      <Filter>Managers</Filter>
    </ClInclude>
    <ClInclude Include="Item.h">
      <Filter>Base Classes</Filter>
    </ClInclude>
    <ClInclude Include="Ability.h">
      <Filter>Battle</Filter>
    </ClInclude>
    <ClInclude Include="Enemy.h">
      <Filter>Base Classes</Filter>
    </ClInclude>
  </ItemGroup>
</Project>