<?xml version="1.0" encoding="utf-8"?>
<Project ToolsVersion="4.0" xmlns="http://schemas.microsoft.com/developer/msbuild/2003">
  <ItemGroup>
    <Filter Include="Resource Files">
      <UniqueIdentifier>{67DA6AB6-F800-4c08-8B7A-83BB121AAD01}</UniqueIdentifier>
      <Extensions>rc;ico;cur;bmp;dlg;rc2;rct;bin;rgs;gif;jpg;jpeg;jpe;resx;tiff;tif;png;wav;mfcribbon-ms</Extensions>
    </Filter>
    <Filter Include="Rendering">
      <UniqueIdentifier>{3e607b33-9d6a-414b-9390-86310654c477}</UniqueIdentifier>
    </Filter>
    <Filter Include="Mapping">
      <UniqueIdentifier>{50c16e10-75e0-4d8f-a59c-01efa2af13e1}</UniqueIdentifier>
    </Filter>
    <Filter Include="Basic Types">
      <UniqueIdentifier>{ff3f6ee2-b1b9-47ff-bd22-e6ebd54455e3}</UniqueIdentifier>
    </Filter>
    <Filter Include="Managers">
      <UniqueIdentifier>{fcf34dec-9333-4723-82f5-94bc8765fcc4}</UniqueIdentifier>
    </Filter>
    <Filter Include="Essentials">
      <UniqueIdentifier>{edc34036-fe98-41d8-8b5d-e1cf52b56d67}</UniqueIdentifier>
    </Filter>
  </ItemGroup>
  <ItemGroup>
    <ClCompile Include="SpriteBatch.cpp">
      <Filter>Rendering</Filter>
    </ClCompile>
    <ClCompile Include="direct2D.cpp">
      <Filter>Rendering</Filter>
    </ClCompile>
    <ClCompile Include="Renderer.h">
      <Filter>Rendering</Filter>
    </ClCompile>
    <ClCompile Include="Tile.cpp">
      <Filter>Mapping</Filter>
    </ClCompile>
    <ClCompile Include="Room.cpp">
      <Filter>Mapping</Filter>
    </ClCompile>
    <ClCompile Include="Map.cpp">
      <Filter>Mapping</Filter>
    </ClCompile>
    <ClCompile Include="Character.cpp">
      <Filter>Basic Types</Filter>
    </ClCompile>
    <ClCompile Include="Rectangle.cpp">
      <Filter>Basic Types</Filter>
    </ClCompile>
    <ClCompile Include="Sprite.cpp">
      <Filter>Basic Types</Filter>
    </ClCompile>
    <ClCompile Include="Manager.cpp">
      <Filter>Managers</Filter>
    </ClCompile>
    <ClCompile Include="MenuManager.cpp">
      <Filter>Managers</Filter>
    </ClCompile>
    <ClCompile Include="MenuBox.cpp">
      <Filter>Basic Types</Filter>
    </ClCompile>
    <ClCompile Include="main.cpp">
      <Filter>Essentials</Filter>
    </ClCompile>
    <ClCompile Include="InputManager.cpp">
      <Filter>Managers</Filter>
    </ClCompile>
    <ClCompile Include="OverworldManager.cpp">
      <Filter>Managers</Filter>
    </ClCompile>
    <ClCompile Include="Texture.cpp">
      <Filter>Rendering</Filter>
    </ClCompile>
    <ClCompile Include="TitleManager.cpp">
      <Filter>Managers</Filter>
    </ClCompile>
    <ClCompile Include="TextureManager.cpp">
      <Filter>Managers</Filter>
    </ClCompile>
  </ItemGroup>
  <ItemGroup>
    <ClInclude Include="Texture.h">
      <Filter>Rendering</Filter>
    </ClInclude>
    <ClInclude Include="SpriteBatch.h">
      <Filter>Rendering</Filter>
    </ClInclude>
    <ClInclude Include="Map.h">
      <Filter>Mapping</Filter>
    </ClInclude>
    <ClInclude Include="Tile.h">
      <Filter>Mapping</Filter>
    </ClInclude>
    <ClInclude Include="Room.h">
      <Filter>Mapping</Filter>
    </ClInclude>
    <ClInclude Include="Sprite.h">
      <Filter>Basic Types</Filter>
    </ClInclude>
    <ClInclude Include="Object.h">
      <Filter>Basic Types</Filter>
    </ClInclude>
    <ClInclude Include="Character.h">
      <Filter>Basic Types</Filter>
    </ClInclude>
    <ClInclude Include="Rectangle.h">
      <Filter>Basic Types</Filter>
    </ClInclude>
    <ClInclude Include="Manager.h">
      <Filter>Managers</Filter>
    </ClInclude>
    <ClInclude Include="MenuManager.h">
      <Filter>Managers</Filter>
    </ClInclude>
    <ClInclude Include="MenuBox.h">
      <Filter>Basic Types</Filter>
    </ClInclude>
    <ClInclude Include="defines.h">
      <Filter>Essentials</Filter>
    </ClInclude>
    <ClInclude Include="InputManager.h">
      <Filter>Managers</Filter>
    </ClInclude>
    <ClInclude Include="OverworldManager.h">
      <Filter>Managers</Filter>
    </ClInclude>
    <ClInclude Include="TitleManager.h">
      <Filter>Managers</Filter>
    </ClInclude>
    <ClInclude Include="TextureManager.h">
      <Filter>Managers</Filter>
    </ClInclude>
  </ItemGroup>
</Project>